{
  "version": 4,
  "terraform_version": "0.12.29",
  "serial": 143,
  "lineage": "8473fd0e-6c97-7b19-951c-f1fda6847815",
  "outputs": {},
  "resources": [
    {
      "module": "module.sherman_gke.module.gke.module.gke.module.gcloud_delete_default_kube_dns_configmap.module.gcloud_kubectl",
      "mode": "data",
      "type": "external",
      "name": "env_override",
      "each": "list",
      "provider": "provider.external",
      "instances": []
    },
    {
      "module": "module.sherman_gke.module.gke.module.gke.module.gcloud_wait_for_cluster",
      "mode": "data",
      "type": "external",
      "name": "env_override",
      "each": "list",
      "provider": "provider.external",
      "instances": [
        {
          "index_key": 0,
          "schema_version": 0,
          "attributes": {
            "id": "-",
            "program": [
              ".terraform/modules/sherman_gke.gke.gke.gcloud_wait_for_cluster/scripts/check_env.sh"
            ],
            "query": null,
            "result": {
              "download": ""
            },
            "working_dir": null
          }
        }
      ]
    },
    {
      "module": "module.sherman_gke.module.gke.module.gke",
      "mode": "data",
      "type": "google_client_config",
      "name": "default",
      "provider": "module.sherman_gke.provider.google-beta",
      "instances": [
        {
          "schema_version": 0,
          "attributes": {
            "access_token": "ya29.c.KqYB7Ae5EmWyhIUZOFVV1nZI4RAOrx6MEcrHNLI9TzOusBbjnucLpFOD1jqt8h9Mla5CWlH5lrDnrRZ_qljLhgV8zqLrZ4FrRhogu30hODemONDsAH1TbjNauMpM7RC4nO4YdAKvAu0u9LrRNb5Sc_HOUXkhto78Fyw2sWbySHxMwpPeYi1Y2QaCzvHCIfYJ01it3_RYSzNj4-loz7FdVaeUA10MIOSO4w",
            "id": "projects/sherman-minecraft-terraform/regions//zones/",
            "project": "sherman-minecraft-terraform",
            "region": "",
            "zone": ""
          }
        }
      ]
    },
    {
      "module": "module.sherman_gke.module.bastion.module.instance_template",
      "mode": "data",
      "type": "google_compute_image",
      "name": "image",
      "provider": "module.sherman_gke.provider.google",
      "instances": [
        {
          "schema_version": 0,
          "attributes": {
            "archive_size_bytes": 11805104640,
            "creation_timestamp": "2018-07-17T10:04:24.955-07:00",
            "description": "CentOS, CentOS, 6, x86_64 built on 20180716",
            "disk_size_gb": 10,
            "family": "centos-6",
            "id": "projects/centos-cloud/global/images/centos-6-v20180716",
            "image_encryption_key_sha256": "",
            "image_id": "8380555217739161463",
            "label_fingerprint": "42WmSpB8rSM=",
            "labels": {},
            "licenses": [
              "https://www.googleapis.com/compute/v1/projects/centos-cloud/global/licenses/centos-6"
            ],
            "name": "centos-6-v20180716",
            "project": "centos-cloud",
            "self_link": "https://www.googleapis.com/compute/v1/projects/centos-cloud/global/images/centos-6-v20180716",
            "source_disk": "",
            "source_disk_encryption_key_sha256": "",
            "source_disk_id": "",
            "source_image_id": "",
            "status": "READY"
          }
        }
      ]
    },
    {
      "module": "module.sherman_gke.module.bastion.module.instance_template",
      "mode": "data",
      "type": "google_compute_image",
      "name": "image_family",
      "provider": "module.sherman_gke.provider.google",
      "instances": [
        {
          "schema_version": 0,
          "attributes": {
            "archive_size_bytes": 2129707968,
            "creation_timestamp": "2020-12-17T09:16:12.804-08:00",
            "description": "Debian, Debian GNU/Linux, 9 (stretch), amd64 built on 20201216",
            "disk_size_gb": 10,
            "family": "debian-9",
            "id": "projects/debian-cloud/global/images/debian-9-stretch-v20201216",
            "image_encryption_key_sha256": "",
            "image_id": "5892072061378374835",
            "label_fingerprint": "42WmSpB8rSM=",
            "labels": {},
            "licenses": [
              "https://www.googleapis.com/compute/v1/projects/debian-cloud/global/licenses/debian-9-stretch"
            ],
            "name": "debian-9-stretch-v20201216",
            "project": "debian-cloud",
            "self_link": "https://www.googleapis.com/compute/v1/projects/debian-cloud/global/images/debian-9-stretch-v20201216",
            "source_disk": "",
            "source_disk_encryption_key_sha256": "",
            "source_disk_id": "",
            "source_image_id": "",
            "status": "READY"
          }
        }
      ]
    },
    {
      "module": "module.sherman_gke.module.gke.module.gke",
      "mode": "data",
      "type": "google_compute_subnetwork",
      "name": "gke_subnetwork",
      "each": "list",
      "provider": "module.sherman_gke.provider.google",
      "instances": []
    },
    {
      "module": "module.sherman_gke.module.gke.module.gke",
      "mode": "data",
      "type": "google_compute_zones",
      "name": "available",
      "provider": "module.sherman_gke.provider.google-beta",
      "instances": [
        {
          "schema_version": 0,
          "attributes": {
            "id": "projects/sherman-minecraft/regions/us-central1",
            "names": [
              "us-central1-a",
              "us-central1-b",
              "us-central1-c",
              "us-central1-f"
            ],
            "project": "sherman-minecraft",
            "region": "us-central1",
            "status": null
          }
        }
      ]
    },
    {
      "module": "module.sherman_gke.module.gke.module.gke",
      "mode": "data",
      "type": "google_container_engine_versions",
      "name": "region",
      "provider": "module.sherman_gke.provider.google",
      "instances": [
        {
          "schema_version": 0,
          "attributes": {
            "default_cluster_version": "1.16.15-gke.4901",
            "id": "2021-01-06 05:44:50.214474 +0000 UTC",
            "latest_master_version": "1.17.14-gke.1600",
            "latest_node_version": "1.17.14-gke.1600",
            "location": "us-central1-a",
            "project": "sherman-minecraft",
            "release_channel_default_version": {
              "RAPID": "1.18.12-gke.1200",
              "REGULAR": "1.17.13-gke.2600",
              "STABLE": "1.16.15-gke.4901"
            },
            "valid_master_versions": [
              "1.17.14-gke.1600",
              "1.17.14-gke.1200",
              "1.17.14-gke.400",
              "1.17.13-gke.2600",
              "1.17.13-gke.2001",
              "1.16.15-gke.7300",
              "1.16.15-gke.6900",
              "1.16.15-gke.6000",
              "1.16.15-gke.5500",
              "1.16.15-gke.4901",
              "1.16.15-gke.4301",
              "1.16.15-gke.4300",
              "1.15.12-gke.6002",
              "1.15.12-gke.6001",
              "1.15.12-gke.5000",
              "1.15.12-gke.4002",
              "1.15.12-gke.4000",
              "1.15.12-gke.20",
              "1.14.10-gke.1504",
              "1.14.10-gke.902",
              "1.14.10-gke.50"
            ],
            "valid_node_versions": [
              "1.17.14-gke.1600",
              "1.17.14-gke.1200",
              "1.17.14-gke.400",
              "1.17.13-gke.2600",
              "1.17.13-gke.2001",
              "1.17.13-gke.1401",
              "1.17.13-gke.1400",
              "1.17.13-gke.600",
              "1.17.12-gke.2502",
              "1.17.12-gke.1504",
              "1.17.12-gke.1501",
              "1.17.12-gke.500",
              "1.17.9-gke.6300",
              "1.17.9-gke.1504",
              "1.16.15-gke.7300",
              "1.16.15-gke.6900",
              "1.16.15-gke.6000",
              "1.16.15-gke.5500",
              "1.16.15-gke.4901",
              "1.16.15-gke.4301",
              "1.16.15-gke.4300",
              "1.16.15-gke.3500",
              "1.16.15-gke.2601",
              "1.16.15-gke.1600",
              "1.16.15-gke.500",
              "1.16.13-gke.404",
              "1.16.13-gke.403",
              "1.16.13-gke.401",
              "1.16.13-gke.400",
              "1.16.13-gke.1",
              "1.16.11-gke.5",
              "1.16.10-gke.8",
              "1.16.9-gke.6",
              "1.16.9-gke.2",
              "1.16.8-gke.15",
              "1.16.8-gke.12",
              "1.16.8-gke.9",
              "1.15.12-gke.6002",
              "1.15.12-gke.6001",
              "1.15.12-gke.5000",
              "1.15.12-gke.4002",
              "1.15.12-gke.4000",
              "1.15.12-gke.20",
              "1.15.12-gke.17",
              "1.15.12-gke.16",
              "1.15.12-gke.13",
              "1.15.12-gke.9",
              "1.15.12-gke.6",
              "1.15.12-gke.3",
              "1.15.12-gke.2",
              "1.15.11-gke.17",
              "1.15.11-gke.15",
              "1.15.11-gke.13",
              "1.15.11-gke.12",
              "1.15.11-gke.11",
              "1.15.11-gke.9",
              "1.15.11-gke.5",
              "1.15.11-gke.3",
              "1.15.11-gke.1",
              "1.15.9-gke.26",
              "1.15.9-gke.24",
              "1.15.9-gke.22",
              "1.15.9-gke.12",
              "1.15.9-gke.9",
              "1.15.9-gke.8",
              "1.15.8-gke.3",
              "1.15.8-gke.2",
              "1.15.7-gke.23",
              "1.15.7-gke.2",
              "1.15.4-gke.22",
              "1.14.10-gke.1504",
              "1.14.10-gke.902",
              "1.14.10-gke.50",
              "1.14.10-gke.46",
              "1.14.10-gke.45",
              "1.14.10-gke.42",
              "1.14.10-gke.41",
              "1.14.10-gke.40",
              "1.14.10-gke.37",
              "1.14.10-gke.36",
              "1.14.10-gke.34",
              "1.14.10-gke.32",
              "1.14.10-gke.31",
              "1.14.10-gke.27",
              "1.14.10-gke.24",
              "1.14.10-gke.22",
              "1.14.10-gke.21",
              "1.14.10-gke.17",
              "1.14.10-gke.0",
              "1.14.9-gke.23",
              "1.14.9-gke.2",
              "1.14.9-gke.0",
              "1.14.8-gke.33",
              "1.14.8-gke.21",
              "1.14.8-gke.18",
              "1.14.8-gke.17",
              "1.14.8-gke.14",
              "1.14.8-gke.12",
              "1.14.8-gke.7",
              "1.14.8-gke.2",
              "1.14.7-gke.40",
              "1.14.7-gke.25",
              "1.14.7-gke.23",
              "1.14.7-gke.17",
              "1.14.7-gke.14",
              "1.14.7-gke.10",
              "1.14.6-gke.13",
              "1.14.6-gke.2",
              "1.14.6-gke.1",
              "1.14.3-gke.11",
              "1.14.3-gke.10",
              "1.14.3-gke.9",
              "1.14.2-gke.9",
              "1.14.1-gke.5",
              "1.13.12-gke.30",
              "1.13.12-gke.25",
              "1.13.12-gke.17",
              "1.13.12-gke.16",
              "1.13.12-gke.14",
              "1.13.12-gke.13",
              "1.13.12-gke.10",
              "1.13.12-gke.8",
              "1.13.12-gke.4",
              "1.13.12-gke.2",
              "1.13.11-gke.23",
              "1.13.11-gke.15",
              "1.13.11-gke.14",
              "1.13.11-gke.12",
              "1.13.11-gke.11",
              "1.13.11-gke.9",
              "1.13.11-gke.5",
              "1.13.10-gke.7",
              "1.13.10-gke.0",
              "1.13.9-gke.11",
              "1.13.9-gke.3",
              "1.13.7-gke.24",
              "1.13.7-gke.19",
              "1.13.7-gke.15",
              "1.13.7-gke.8",
              "1.13.7-gke.0",
              "1.13.6-gke.13",
              "1.13.6-gke.6",
              "1.13.6-gke.5",
              "1.13.6-gke.0",
              "1.13.5-gke.10",
              "1.12.10-gke.22",
              "1.12.10-gke.20",
              "1.12.10-gke.19",
              "1.12.10-gke.18",
              "1.12.10-gke.17",
              "1.12.10-gke.15",
              "1.12.10-gke.13",
              "1.12.10-gke.11",
              "1.12.10-gke.5",
              "1.12.9-gke.16",
              "1.12.9-gke.15",
              "1.12.9-gke.13",
              "1.12.9-gke.10",
              "1.12.9-gke.7",
              "1.12.9-gke.3",
              "1.12.8-gke.12",
              "1.12.8-gke.10",
              "1.12.8-gke.7",
              "1.12.8-gke.6",
              "1.12.7-gke.26",
              "1.12.7-gke.25",
              "1.12.7-gke.24",
              "1.12.7-gke.22",
              "1.12.7-gke.21",
              "1.12.7-gke.17",
              "1.12.7-gke.10",
              "1.12.7-gke.7",
              "1.12.6-gke.11",
              "1.12.6-gke.10",
              "1.12.6-gke.7",
              "1.12.5-gke.10",
              "1.12.5-gke.5",
              "1.11.10-gke.6",
              "1.11.10-gke.5"
            ],
            "version_prefix": null
          }
        }
      ]
    },
    {
      "module": "module.sherman_gke.module.gke.module.gke",
      "mode": "data",
      "type": "google_container_engine_versions",
      "name": "zone",
      "provider": "module.sherman_gke.provider.google",
      "instances": [
        {
          "schema_version": 0,
          "attributes": {
            "default_cluster_version": "1.16.15-gke.4901",
            "id": "2021-01-06 05:44:50.710486 +0000 UTC",
            "latest_master_version": "1.17.14-gke.1600",
            "latest_node_version": "1.17.14-gke.1600",
            "location": "us-central1-a",
            "project": "sherman-minecraft",
            "release_channel_default_version": {
              "RAPID": "1.18.12-gke.1200",
              "REGULAR": "1.17.13-gke.2600",
              "STABLE": "1.16.15-gke.4901"
            },
            "valid_master_versions": [
              "1.17.14-gke.1600",
              "1.17.14-gke.1200",
              "1.17.14-gke.400",
              "1.17.13-gke.2600",
              "1.17.13-gke.2001",
              "1.16.15-gke.7300",
              "1.16.15-gke.6900",
              "1.16.15-gke.6000",
              "1.16.15-gke.5500",
              "1.16.15-gke.4901",
              "1.16.15-gke.4301",
              "1.16.15-gke.4300",
              "1.15.12-gke.6002",
              "1.15.12-gke.6001",
              "1.15.12-gke.5000",
              "1.15.12-gke.4002",
              "1.15.12-gke.4000",
              "1.15.12-gke.20",
              "1.14.10-gke.1504",
              "1.14.10-gke.902",
              "1.14.10-gke.50"
            ],
            "valid_node_versions": [
              "1.17.14-gke.1600",
              "1.17.14-gke.1200",
              "1.17.14-gke.400",
              "1.17.13-gke.2600",
              "1.17.13-gke.2001",
              "1.17.13-gke.1401",
              "1.17.13-gke.1400",
              "1.17.13-gke.600",
              "1.17.12-gke.2502",
              "1.17.12-gke.1504",
              "1.17.12-gke.1501",
              "1.17.12-gke.500",
              "1.17.9-gke.6300",
              "1.17.9-gke.1504",
              "1.16.15-gke.7300",
              "1.16.15-gke.6900",
              "1.16.15-gke.6000",
              "1.16.15-gke.5500",
              "1.16.15-gke.4901",
              "1.16.15-gke.4301",
              "1.16.15-gke.4300",
              "1.16.15-gke.3500",
              "1.16.15-gke.2601",
              "1.16.15-gke.1600",
              "1.16.15-gke.500",
              "1.16.13-gke.404",
              "1.16.13-gke.403",
              "1.16.13-gke.401",
              "1.16.13-gke.400",
              "1.16.13-gke.1",
              "1.16.11-gke.5",
              "1.16.10-gke.8",
              "1.16.9-gke.6",
              "1.16.9-gke.2",
              "1.16.8-gke.15",
              "1.16.8-gke.12",
              "1.16.8-gke.9",
              "1.15.12-gke.6002",
              "1.15.12-gke.6001",
              "1.15.12-gke.5000",
              "1.15.12-gke.4002",
              "1.15.12-gke.4000",
              "1.15.12-gke.20",
              "1.15.12-gke.17",
              "1.15.12-gke.16",
              "1.15.12-gke.13",
              "1.15.12-gke.9",
              "1.15.12-gke.6",
              "1.15.12-gke.3",
              "1.15.12-gke.2",
              "1.15.11-gke.17",
              "1.15.11-gke.15",
              "1.15.11-gke.13",
              "1.15.11-gke.12",
              "1.15.11-gke.11",
              "1.15.11-gke.9",
              "1.15.11-gke.5",
              "1.15.11-gke.3",
              "1.15.11-gke.1",
              "1.15.9-gke.26",
              "1.15.9-gke.24",
              "1.15.9-gke.22",
              "1.15.9-gke.12",
              "1.15.9-gke.9",
              "1.15.9-gke.8",
              "1.15.8-gke.3",
              "1.15.8-gke.2",
              "1.15.7-gke.23",
              "1.15.7-gke.2",
              "1.15.4-gke.22",
              "1.14.10-gke.1504",
              "1.14.10-gke.902",
              "1.14.10-gke.50",
              "1.14.10-gke.46",
              "1.14.10-gke.45",
              "1.14.10-gke.42",
              "1.14.10-gke.41",
              "1.14.10-gke.40",
              "1.14.10-gke.37",
              "1.14.10-gke.36",
              "1.14.10-gke.34",
              "1.14.10-gke.32",
              "1.14.10-gke.31",
              "1.14.10-gke.27",
              "1.14.10-gke.24",
              "1.14.10-gke.22",
              "1.14.10-gke.21",
              "1.14.10-gke.17",
              "1.14.10-gke.0",
              "1.14.9-gke.23",
              "1.14.9-gke.2",
              "1.14.9-gke.0",
              "1.14.8-gke.33",
              "1.14.8-gke.21",
              "1.14.8-gke.18",
              "1.14.8-gke.17",
              "1.14.8-gke.14",
              "1.14.8-gke.12",
              "1.14.8-gke.7",
              "1.14.8-gke.2",
              "1.14.7-gke.40",
              "1.14.7-gke.25",
              "1.14.7-gke.23",
              "1.14.7-gke.17",
              "1.14.7-gke.14",
              "1.14.7-gke.10",
              "1.14.6-gke.13",
              "1.14.6-gke.2",
              "1.14.6-gke.1",
              "1.14.3-gke.11",
              "1.14.3-gke.10",
              "1.14.3-gke.9",
              "1.14.2-gke.9",
              "1.14.1-gke.5",
              "1.13.12-gke.30",
              "1.13.12-gke.25",
              "1.13.12-gke.17",
              "1.13.12-gke.16",
              "1.13.12-gke.14",
              "1.13.12-gke.13",
              "1.13.12-gke.10",
              "1.13.12-gke.8",
              "1.13.12-gke.4",
              "1.13.12-gke.2",
              "1.13.11-gke.23",
              "1.13.11-gke.15",
              "1.13.11-gke.14",
              "1.13.11-gke.12",
              "1.13.11-gke.11",
              "1.13.11-gke.9",
              "1.13.11-gke.5",
              "1.13.10-gke.7",
              "1.13.10-gke.0",
              "1.13.9-gke.11",
              "1.13.9-gke.3",
              "1.13.7-gke.24",
              "1.13.7-gke.19",
              "1.13.7-gke.15",
              "1.13.7-gke.8",
              "1.13.7-gke.0",
              "1.13.6-gke.13",
              "1.13.6-gke.6",
              "1.13.6-gke.5",
              "1.13.6-gke.0",
              "1.13.5-gke.10",
              "1.12.10-gke.22",
              "1.12.10-gke.20",
              "1.12.10-gke.19",
              "1.12.10-gke.18",
              "1.12.10-gke.17",
              "1.12.10-gke.15",
              "1.12.10-gke.13",
              "1.12.10-gke.11",
              "1.12.10-gke.5",
              "1.12.9-gke.16",
              "1.12.9-gke.15",
              "1.12.9-gke.13",
              "1.12.9-gke.10",
              "1.12.9-gke.7",
              "1.12.9-gke.3",
              "1.12.8-gke.12",
              "1.12.8-gke.10",
              "1.12.8-gke.7",
              "1.12.8-gke.6",
              "1.12.7-gke.26",
              "1.12.7-gke.25",
              "1.12.7-gke.24",
              "1.12.7-gke.22",
              "1.12.7-gke.21",
              "1.12.7-gke.17",
              "1.12.7-gke.10",
              "1.12.7-gke.7",
              "1.12.6-gke.11",
              "1.12.6-gke.10",
              "1.12.6-gke.7",
              "1.12.5-gke.10",
              "1.12.5-gke.5",
              "1.11.10-gke.6",
              "1.11.10-gke.5"
            ],
            "version_prefix": null
          }
        }
      ]
    },
    {
      "module": "module.sherman_gke",
      "mode": "data",
      "type": "template_file",
      "name": "startup_script",
      "provider": "provider.template",
      "instances": [
        {
          "schema_version": 0,
          "attributes": {
            "filename": null,
            "id": "5342018eb1c9e1064c7484cc318ec9b657db7cf30d11973012b6b4bbdb6acad7",
            "rendered": "sudo apt-get update -y\nsudo apt-get install -y tinyproxy\n",
            "template": "sudo apt-get update -y\nsudo apt-get install -y tinyproxy\n",
            "vars": null
          }
        }
      ]
    },
    {
      "module": "module.sherman_gke.module.bastion.module.iap_tunneling",
      "mode": "managed",
      "type": "google_compute_firewall",
      "name": "allow_from_iap_to_instances",
      "provider": "module.sherman_gke.provider.google",
      "instances": [
        {
          "schema_version": 1,
          "attributes": {
            "allow": [
              {
                "ports": [
                  "22"
                ],
                "protocol": "tcp"
              }
            ],
            "creation_timestamp": "2021-01-05T21:45:02.064-08:00",
            "deny": [],
            "description": "",
            "destination_ranges": [],
            "direction": "INGRESS",
            "disabled": false,
            "enable_logging": null,
            "id": "projects/sherman-minecraft/global/firewalls/allow-ssh-from-iap-to-tunnel",
            "log_config": [],
            "name": "allow-ssh-from-iap-to-tunnel",
            "network": "https://www.googleapis.com/compute/v1/projects/sherman-minecraft/global/networks/safer-cluster-network",
            "priority": 1000,
            "project": "sherman-minecraft",
            "self_link": "https://www.googleapis.com/compute/v1/projects/sherman-minecraft/global/firewalls/allow-ssh-from-iap-to-tunnel",
            "source_ranges": [
              "35.235.240.0/20"
            ],
            "source_service_accounts": null,
            "source_tags": null,
            "target_service_accounts": [
              "bastion@sherman-minecraft.iam.gserviceaccount.com"
            ],
            "target_tags": null,
            "timeouts": null
          },
          "private": "eyJlMmJmYjczMC1lY2FhLTExZTYtOGY4OC0zNDM2M2JjN2M0YzAiOnsiY3JlYXRlIjoyNDAwMDAwMDAwMDAsImRlbGV0ZSI6MjQwMDAwMDAwMDAwLCJ1cGRhdGUiOjI0MDAwMDAwMDAwMH0sInNjaGVtYV92ZXJzaW9uIjoiMSJ9",
          "dependencies": [
            "module.sherman_gke.module.bastion.google_service_account.bastion_host",
            "module.sherman_gke.module.enabled_google_apis.google_project_service.project_services",
            "module.sherman_gke.module.vpc.module.vpc.google_compute_network.network"
          ]
        }
      ]
    },
    {
      "module": "module.sherman_gke.module.gke.module.gke",
      "mode": "managed",
      "type": "google_compute_firewall",
      "name": "intra_egress",
      "each": "list",
      "provider": "module.sherman_gke.provider.google",
      "instances": []
    },
    {
      "module": "module.sherman_gke.module.gke.module.gke",
      "mode": "managed",
      "type": "google_compute_firewall",
      "name": "master_webhooks",
      "each": "list",
      "provider": "module.sherman_gke.provider.google",
      "instances": []
    },
    {
      "module": "module.sherman_gke.module.bastion",
      "mode": "managed",
      "type": "google_compute_instance_from_template",
      "name": "bastion_vm",
      "each": "list",
      "provider": "module.sherman_gke.provider.google",
      "instances": [
        {
          "index_key": 0,
          "schema_version": 0,
          "attributes": {
            "allow_stopping_for_update": null,
            "attached_disk": [],
            "boot_disk": [
              {
                "auto_delete": true,
                "device_name": "persistent-disk-0",
                "disk_encryption_key_raw": "",
                "disk_encryption_key_sha256": "",
                "initialize_params": [
                  {
                    "image": "https://www.googleapis.com/compute/v1/projects/debian-cloud/global/images/debian-9-stretch-v20201216",
                    "labels": {},
                    "size": 100,
                    "type": "pd-standard"
                  }
                ],
                "kms_key_self_link": "",
                "mode": "READ_WRITE",
                "source": "https://www.googleapis.com/compute/v1/projects/sherman-minecraft/zones/us-central1-a/disks/safer-cluster-iap-bastion-bastion"
              }
            ],
            "can_ip_forward": false,
            "cpu_platform": "Intel Haswell",
            "current_status": "RUNNING",
            "deletion_protection": false,
            "description": "",
            "desired_status": null,
            "enable_display": false,
            "guest_accelerator": [],
            "hostname": "",
            "id": "projects/sherman-minecraft/zones/us-central1-a/instances/safer-cluster-iap-bastion-bastion",
            "instance_id": "7800241935529603168",
            "label_fingerprint": "42WmSpB8rSM=",
            "labels": {},
            "machine_type": "g1-small",
            "metadata": {
              "enable-oslogin": "TRUE"
            },
            "metadata_fingerprint": "ewAXCvrWZTM=",
            "metadata_startup_script": "sudo apt-get update -y\nsudo apt-get install -y tinyproxy\n",
            "min_cpu_platform": "",
            "name": "safer-cluster-iap-bastion-bastion",
            "network_interface": [
              {
                "access_config": [],
                "alias_ip_range": [],
                "name": "nic0",
                "network": "https://www.googleapis.com/compute/v1/projects/sherman-minecraft/global/networks/safer-cluster-network",
                "network_ip": "10.10.10.2",
                "subnetwork": "https://www.googleapis.com/compute/v1/projects/sherman-minecraft/regions/us-central1/subnetworks/safer-cluster-subnet",
                "subnetwork_project": "sherman-minecraft"
              }
            ],
            "project": "sherman-minecraft",
            "resource_policies": [],
            "scheduling": [
              {
                "automatic_restart": true,
                "node_affinities": [],
                "on_host_maintenance": "MIGRATE",
                "preemptible": false
              }
            ],
            "scratch_disk": [],
            "self_link": "https://www.googleapis.com/compute/v1/projects/sherman-minecraft/zones/us-central1-a/instances/safer-cluster-iap-bastion-bastion",
            "service_account": [
              {
                "email": "bastion@sherman-minecraft.iam.gserviceaccount.com",
                "scopes": [
                  "https://www.googleapis.com/auth/cloud-platform"
                ]
              }
            ],
            "shielded_instance_config": [],
            "source_instance_template": "https://www.googleapis.com/compute/beta/projects/sherman-minecraft/global/instanceTemplates/bastion-instance-template-20210106054533723300000001",
            "tags": [],
            "tags_fingerprint": "42WmSpB8rSM=",
            "timeouts": null,
            "zone": "us-central1-a"
          },
          "private": "eyJlMmJmYjczMC1lY2FhLTExZTYtOGY4OC0zNDM2M2JjN2M0YzAiOnsiY3JlYXRlIjoxMjAwMDAwMDAwMDAwLCJkZWxldGUiOjEyMDAwMDAwMDAwMDAsInVwZGF0ZSI6MTIwMDAwMDAwMDAwMH19",
          "dependencies": [
            "module.sherman_gke.module.bastion.google_service_account.bastion_host",
            "module.sherman_gke.module.bastion.module.instance_template.google_compute_instance_template.tpl",
            "module.sherman_gke.module.enabled_google_apis.google_project_service.project_services",
            "module.sherman_gke.module.vpc.module.subnets.google_compute_subnetwork.subnetwork",
            "module.sherman_gke.module.vpc.module.vpc.google_compute_network.network"
          ]
        }
      ]
    },
    {
      "module": "module.sherman_gke.module.bastion.module.instance_template",
      "mode": "managed",
      "type": "google_compute_instance_template",
      "name": "tpl",
      "provider": "module.sherman_gke.provider.google",
      "instances": [
        {
          "schema_version": 1,
          "attributes": {
            "can_ip_forward": false,
            "description": "",
            "disk": [
              {
                "auto_delete": true,
                "boot": true,
                "device_name": "persistent-disk-0",
                "disk_encryption_key": [],
                "disk_name": "",
                "disk_size_gb": 100,
                "disk_type": "pd-standard",
                "interface": "SCSI",
                "labels": null,
                "mode": "READ_WRITE",
                "source": "",
                "source_image": "projects/debian-cloud/global/images/debian-9-stretch-v20201216",
                "type": "PERSISTENT"
              }
            ],
            "enable_display": null,
            "guest_accelerator": [],
            "id": "projects/sherman-minecraft/global/instanceTemplates/bastion-instance-template-20210106054533723300000001",
            "instance_description": "",
            "labels": null,
            "machine_type": "g1-small",
            "metadata": {
              "enable-oslogin": "TRUE"
            },
            "metadata_fingerprint": "ewAXCvrWZTM=",
            "metadata_startup_script": "sudo apt-get update -y\nsudo apt-get install -y tinyproxy\n",
            "min_cpu_platform": "",
            "name": "bastion-instance-template-20210106054533723300000001",
            "name_prefix": "bastion-instance-template-",
            "network_interface": [
              {
                "access_config": [],
                "alias_ip_range": [],
                "name": "nic0",
                "network": "https://www.googleapis.com/compute/v1/projects/sherman-minecraft/global/networks/safer-cluster-network",
                "network_ip": "",
                "subnetwork": "https://www.googleapis.com/compute/v1/projects/sherman-minecraft/regions/us-central1/subnetworks/safer-cluster-subnet",
                "subnetwork_project": "sherman-minecraft"
              }
            ],
            "project": "sherman-minecraft",
            "region": "us-central1",
            "scheduling": [
              {
                "automatic_restart": true,
                "node_affinities": [],
                "on_host_maintenance": "MIGRATE",
                "preemptible": false
              }
            ],
            "self_link": "https://www.googleapis.com/compute/beta/projects/sherman-minecraft/global/instanceTemplates/bastion-instance-template-20210106054533723300000001",
            "service_account": [
              {
                "email": "bastion@sherman-minecraft.iam.gserviceaccount.com",
                "scopes": [
                  "https://www.googleapis.com/auth/cloud-platform"
                ]
              }
            ],
            "shielded_instance_config": [],
            "tags": null,
            "tags_fingerprint": "",
            "timeouts": null
          },
          "private": "eyJlMmJmYjczMC1lY2FhLTExZTYtOGY4OC0zNDM2M2JjN2M0YzAiOnsiY3JlYXRlIjoyNDAwMDAwMDAwMDAsImRlbGV0ZSI6MjQwMDAwMDAwMDAwfSwic2NoZW1hX3ZlcnNpb24iOiIxIn0=",
          "dependencies": [
            "module.sherman_gke.module.bastion.google_service_account.bastion_host",
            "module.sherman_gke.module.enabled_google_apis.google_project_service.project_services",
            "module.sherman_gke.module.vpc.module.subnets.google_compute_subnetwork.subnetwork",
            "module.sherman_gke.module.vpc.module.vpc.google_compute_network.network"
          ]
        }
      ]
    },
    {
      "module": "module.sherman_gke.module.vpc.module.vpc",
      "mode": "managed",
      "type": "google_compute_network",
      "name": "network",
      "provider": "module.sherman_gke.provider.google",
      "instances": [
        {
          "schema_version": 0,
          "attributes": {
            "auto_create_subnetworks": false,
            "delete_default_routes_on_create": false,
            "description": "",
            "gateway_ipv4": "",
            "id": "projects/sherman-minecraft/global/networks/safer-cluster-network",
            "name": "safer-cluster-network",
            "project": "sherman-minecraft",
            "routing_mode": "GLOBAL",
            "self_link": "https://www.googleapis.com/compute/v1/projects/sherman-minecraft/global/networks/safer-cluster-network",
            "timeouts": null
          },
          "private": "eyJlMmJmYjczMC1lY2FhLTExZTYtOGY4OC0zNDM2M2JjN2M0YzAiOnsiY3JlYXRlIjoyNDAwMDAwMDAwMDAsImRlbGV0ZSI6MjQwMDAwMDAwMDAwLCJ1cGRhdGUiOjI0MDAwMDAwMDAwMH19",
          "dependencies": [
            "module.sherman_gke.module.enabled_google_apis.google_project_service.project_services"
          ]
        }
      ]
    },
    {
      "module": "module.sherman_gke.module.vpc.module.routes",
      "mode": "managed",
      "type": "google_compute_route",
      "name": "route",
      "each": "map",
      "provider": "module.sherman_gke.provider.google",
      "instances": []
    },
    {
      "module": "module.sherman_gke.module.cloud-nat",
      "mode": "managed",
      "type": "google_compute_router",
      "name": "router",
      "each": "list",
      "provider": "module.sherman_gke.provider.google",
      "instances": [
        {
          "index_key": 0,
          "schema_version": 0,
          "attributes": {
            "bgp": [
              {
                "advertise_mode": "DEFAULT",
                "advertised_groups": null,
                "advertised_ip_ranges": [],
                "asn": 64514
              }
            ],
            "creation_timestamp": "2021-01-05T21:45:02.146-08:00",
            "description": "",
            "id": "projects/sherman-minecraft/regions/us-central1/routers/safer-router",
            "name": "safer-router",
            "network": "https://www.googleapis.com/compute/v1/projects/sherman-minecraft/global/networks/safer-cluster-network",
            "project": "sherman-minecraft",
            "region": "us-central1",
            "self_link": "https://www.googleapis.com/compute/v1/projects/sherman-minecraft/regions/us-central1/routers/safer-router",
            "timeouts": null
          },
          "private": "eyJlMmJmYjczMC1lY2FhLTExZTYtOGY4OC0zNDM2M2JjN2M0YzAiOnsiY3JlYXRlIjoyNDAwMDAwMDAwMDAsImRlbGV0ZSI6MjQwMDAwMDAwMDAwLCJ1cGRhdGUiOjI0MDAwMDAwMDAwMH19",
          "dependencies": [
            "module.sherman_gke.module.enabled_google_apis.google_project_service.project_services",
            "module.sherman_gke.module.vpc.module.vpc.google_compute_network.network"
          ]
        }
      ]
    },
    {
      "module": "module.sherman_gke.module.cloud-nat",
      "mode": "managed",
      "type": "google_compute_router_nat",
      "name": "main",
      "provider": "module.sherman_gke.provider.google",
      "instances": [
        {
          "schema_version": 0,
          "attributes": {
            "drain_nat_ips": null,
            "icmp_idle_timeout_sec": 30,
            "id": "sherman-minecraft/us-central1/safer-router/cloud-nat-0d8azi",
            "log_config": [],
            "min_ports_per_vm": 64,
            "name": "cloud-nat-0d8azi",
            "nat_ip_allocate_option": "AUTO_ONLY",
            "nat_ips": null,
            "project": "sherman-minecraft",
            "region": "us-central1",
            "router": "safer-router",
            "source_subnetwork_ip_ranges_to_nat": "ALL_SUBNETWORKS_ALL_IP_RANGES",
            "subnetwork": [],
            "tcp_established_idle_timeout_sec": 1200,
            "tcp_transitory_idle_timeout_sec": 30,
            "timeouts": null,
            "udp_idle_timeout_sec": 30
          },
          "private": "eyJlMmJmYjczMC1lY2FhLTExZTYtOGY4OC0zNDM2M2JjN2M0YzAiOnsiY3JlYXRlIjo2MDAwMDAwMDAwMDAsImRlbGV0ZSI6NjAwMDAwMDAwMDAwLCJ1cGRhdGUiOjYwMDAwMDAwMDAwMH19",
          "dependencies": [
            "module.sherman_gke.module.cloud-nat.google_compute_router.router",
            "module.sherman_gke.module.cloud-nat.random_string.name_suffix",
            "module.sherman_gke.module.enabled_google_apis.google_project_service.project_services",
            "module.sherman_gke.module.vpc.module.vpc.google_compute_network.network"
          ]
        }
      ]
    },
    {
      "module": "module.sherman_gke.module.vpc.module.vpc",
      "mode": "managed",
      "type": "google_compute_shared_vpc_host_project",
      "name": "shared_vpc_host",
      "each": "list",
      "provider": "module.sherman_gke.provider.google",
      "instances": []
    },
    {
      "module": "module.sherman_gke.module.vpc.module.subnets",
      "mode": "managed",
      "type": "google_compute_subnetwork",
      "name": "subnetwork",
      "each": "map",
      "provider": "module.sherman_gke.provider.google",
      "instances": [
        {
          "index_key": "us-central1/safer-cluster-subnet",
          "schema_version": 0,
          "attributes": {
            "creation_timestamp": "2021-01-05T21:45:02.248-08:00",
            "description": "This subnet is managed by Terraform",
            "fingerprint": null,
            "gateway_address": "10.10.10.1",
            "id": "projects/sherman-minecraft/regions/us-central1/subnetworks/safer-cluster-subnet",
            "ip_cidr_range": "10.10.10.0/24",
            "log_config": [],
            "name": "safer-cluster-subnet",
            "network": "https://www.googleapis.com/compute/v1/projects/sherman-minecraft/global/networks/safer-cluster-network",
            "private_ip_google_access": true,
            "project": "sherman-minecraft",
            "region": "us-central1",
            "secondary_ip_range": [
              {
                "ip_cidr_range": "192.168.0.0/18",
                "range_name": "ip-range-pods"
              },
              {
                "ip_cidr_range": "192.168.64.0/18",
                "range_name": "ip-range-svc"
              }
            ],
            "self_link": "https://www.googleapis.com/compute/v1/projects/sherman-minecraft/regions/us-central1/subnetworks/safer-cluster-subnet",
            "timeouts": null
          },
          "private": "eyJlMmJmYjczMC1lY2FhLTExZTYtOGY4OC0zNDM2M2JjN2M0YzAiOnsiY3JlYXRlIjozNjAwMDAwMDAwMDAsImRlbGV0ZSI6MzYwMDAwMDAwMDAwLCJ1cGRhdGUiOjM2MDAwMDAwMDAwMH19",
          "dependencies": [
            "module.sherman_gke.module.enabled_google_apis.google_project_service.project_services",
            "module.sherman_gke.module.vpc.module.vpc.google_compute_network.network"
          ]
        }
      ]
    },
    {
      "module": "module.sherman_gke.module.gke.module.gke",
      "mode": "managed",
      "type": "google_container_cluster",
      "name": "primary",
      "provider": "module.sherman_gke.provider.google-beta",
      "instances": [
        {
          "schema_version": 1,
          "attributes": {
            "addons_config": [
              {
                "cloudrun_config": [],
                "config_connector_config": [
                  {
                    "enabled": false
                  }
                ],
                "dns_cache_config": [
                  {
                    "enabled": false
                  }
                ],
                "gce_persistent_disk_csi_driver_config": [
                  {
                    "enabled": true
                  }
                ],
                "horizontal_pod_autoscaling": [
                  {
                    "disabled": false
                  }
                ],
                "http_load_balancing": [
                  {
                    "disabled": false
                  }
                ],
                "istio_config": [
                  {
                    "auth": "AUTH_MUTUAL_TLS",
                    "disabled": true
                  }
                ],
                "kalm_config": [
                  {
                    "enabled": false
                  }
                ],
                "network_policy_config": [
                  {
                    "disabled": false
                  }
                ]
              }
            ],
            "authenticator_groups_config": [],
            "cluster_autoscaling": [
              {
                "auto_provisioning_defaults": [],
                "autoscaling_profile": "BALANCED",
                "enabled": false,
                "resource_limits": []
              }
            ],
            "cluster_ipv4_cidr": "192.168.0.0/18",
            "cluster_telemetry": [
              {
                "type": "ENABLED"
              }
            ],
            "database_encryption": [
              {
                "key_name": "",
                "state": "DECRYPTED"
              }
            ],
            "datapath_provider": "",
            "default_max_pods_per_node": 110,
            "default_snat_status": [
              {
                "disabled": false
              }
            ],
            "description": "",
            "enable_binary_authorization": true,
            "enable_intranode_visibility": false,
            "enable_kubernetes_alpha": false,
            "enable_legacy_abac": false,
            "enable_shielded_nodes": true,
            "enable_tpu": false,
            "endpoint": "34.67.63.247",
            "id": "projects/sherman-minecraft/locations/us-central1-a/clusters/safer-cluster-iap-bastion",
            "initial_node_count": 0,
            "instance_group_urls": [],
            "ip_allocation_policy": [
              {
                "cluster_ipv4_cidr_block": "192.168.0.0/18",
                "cluster_secondary_range_name": "ip-range-pods",
                "services_ipv4_cidr_block": "192.168.64.0/18",
                "services_secondary_range_name": "ip-range-svc"
              }
            ],
            "label_fingerprint": "a9dc16a7",
            "location": "us-central1-a",
            "logging_service": "logging.googleapis.com/kubernetes",
            "maintenance_policy": [
              {
                "daily_maintenance_window": [
                  {
                    "duration": "PT4H0M0S",
                    "start_time": "05:00"
                  }
                ],
                "recurring_window": []
              }
            ],
            "master_auth": [
              {
                "client_certificate": "",
                "client_certificate_config": [
                  {
                    "issue_client_certificate": false
                  }
                ],
                "client_key": "",
                "cluster_ca_certificate": "LS0tLS1CRUdJTiBDRVJUSUZJQ0FURS0tLS0tCk1JSURLekNDQWhPZ0F3SUJBZ0lSQUpDNXdMZUJKVnVEU3J3aVN6MTNENDB3RFFZSktvWklodmNOQVFFTEJRQXcKTHpFdE1Dc0dBMVVFQXhNa1kySXpaRFEyWmpZdFkyVXpZaTAwWkRjd0xUZzVPVFF0WmpRNU5HVmlObU5sWm1SbQpNQjRYRFRJeE1ERXdOakEwTkRZd00xb1hEVEkyTURFd05UQTFORFl3TTFvd0x6RXRNQ3NHQTFVRUF4TWtZMkl6ClpEUTJaall0WTJVellpMDBaRGN3TFRnNU9UUXRaalE1TkdWaU5tTmxabVJtTUlJQklqQU5CZ2txaGtpRzl3MEIKQVFFRkFBT0NBUThBTUlJQkNnS0NBUUVBMEl0UTVpKzNrRGJXaHBVVkZudktqeHYyNkRrTnArRUZWUmFMQXh2bApBSTRGbWIwd0R6OEtsK0luUWJoeTkvVEE1aDBkL21CWGViKzltMVZnTloxeFZSOHBsbEhRNzhEZDduMGdjTjZtCnFJRUlnVGdkSVdaN0ZjL3hxK3c4enJWUUNRVWRHSGpIeHV5UnFUWnJ6cW8zVHp1VHZWMkFUTVExQVE1WE5Tc3oKNXAyZmtaQ1ZITGkvK0tnUGJ0ekxlMUgzQUlCTXQweW9rcmpGTEF1VkJtZTBUZVBkZUVzRkVmQU90ZEdNYi9IZAptbzhEUnY0dHgrYklydHBQYXZCUFRTY2ViQnZWVDdXQ1FnS3FWVXVyUW5iREhlanlNSGlJZVJqb1NnTEc0cFg3ClNOUWhUa25qVnVxTjc4L013bm9zTFNXUVRpQngxL2twUjNaMlJHNnlGTHlOelFJREFRQUJvMEl3UURBT0JnTlYKSFE4QkFmOEVCQU1DQWdRd0R3WURWUjBUQVFIL0JBVXdBd0VCL3pBZEJnTlZIUTRFRmdRVW9GYTR0Ympmb00vUQpwbXhFelVZeUFLbklKQXN3RFFZSktvWklodmNOQVFFTEJRQURnZ0VCQUZ5UE5rRnM5QitFVkFVVVhmTjRYdno5CnFkY2praWIwOUR3Y3hKLzFOZ2JVay9IWnBxUHJxZ2ZtSG42NFhIcTRmbWZMczREY016aU01T0FCVUMzVnVVOHUKNThDcHBKZSsyR1FMV1BNenROSTArb25tcHducFlVdnlYTWpSSEVLNTk2Zm9tTStjSHNpN3h3ZkZiU0FoM3NnNQo1VnNFbFFJRHMwU1BPdnlPSlhRd3gyQkg2RExPWTU3NEd5T0U2RjRlQnNtRFRURnY3VnAxUzBseHZrcFVwVU9ZCmUrK2d4cUEyK0xRSUc0Q0F0M2cvM2lTc3RMQ1ZaaDJyMGtJVy9Qd0tZWG9zQUtBcU5jLzdsWnd4bUdHbzhtTDUKZ3hqV0x4ZGlyN09CYldEcWpvM2ZyWWpmeGd4MFNTYWFWU1k1TWN0UlZvd256bEZucWkvZVB5aFgycE04LzRJPQotLS0tLUVORCBDRVJUSUZJQ0FURS0tLS0tCg==",
                "password": "",
                "username": ""
              }
            ],
            "master_authorized_networks_config": [
              {
                "cidr_blocks": [
                  {
                    "cidr_block": "10.10.10.2/32",
                    "display_name": "Bastion Host"
                  }
                ]
              }
            ],
            "master_version": "1.17.13-gke.2600",
            "min_master_version": null,
            "monitoring_service": "monitoring.googleapis.com/kubernetes",
            "name": "safer-cluster-iap-bastion",
            "network": "projects/sherman-minecraft/global/networks/safer-cluster-network",
            "network_policy": [
              {
                "enabled": true,
                "provider": "CALICO"
              }
            ],
            "networking_mode": "VPC_NATIVE",
            "node_config": [],
            "node_locations": [],
            "node_pool": [],
            "node_version": "1.17.13-gke.2600",
            "notification_config": [
              {
                "pubsub": [
                  {
                    "enabled": false,
                    "topic": ""
                  }
                ]
              }
            ],
            "operation": null,
            "pod_security_policy_config": [
              {
                "enabled": false
              }
            ],
            "private_cluster_config": [
              {
                "enable_private_endpoint": false,
                "enable_private_nodes": true,
                "master_global_access_config": [
                  {
                    "enabled": true
                  }
                ],
                "master_ipv4_cidr_block": "10.0.0.0/28",
                "peering_name": "gke-n6ee86d7c9267eb89ad8-9d97-20c4-peer",
                "private_endpoint": "10.0.0.2",
                "public_endpoint": "34.67.63.247"
              }
            ],
            "project": "sherman-minecraft",
            "release_channel": [
              {
                "channel": "REGULAR"
              }
            ],
            "remove_default_node_pool": true,
            "resource_labels": null,
            "resource_usage_export_config": [],
            "self_link": "https://container.googleapis.com/v1beta1/projects/sherman-minecraft/zones/us-central1-a/clusters/safer-cluster-iap-bastion",
            "services_ipv4_cidr": "192.168.64.0/18",
            "subnetwork": "projects/sherman-minecraft/regions/us-central1/subnetworks/safer-cluster-subnet",
            "timeouts": {
              "create": "45m",
              "delete": "45m",
              "read": null,
              "update": "45m"
            },
            "tpu_ipv4_cidr_block": "",
            "vertical_pod_autoscaling": [
              {
                "enabled": false
              }
            ],
            "workload_identity_config": [
              {
                "identity_namespace": "sherman-minecraft.svc.id.goog"
              }
            ]
          },
          "private": "eyJlMmJmYjczMC1lY2FhLTExZTYtOGY4OC0zNDM2M2JjN2M0YzAiOnsiY3JlYXRlIjoyNzAwMDAwMDAwMDAwLCJkZWxldGUiOjI3MDAwMDAwMDAwMDAsInJlYWQiOjI0MDAwMDAwMDAwMDAsInVwZGF0ZSI6MjcwMDAwMDAwMDAwMH0sInNjaGVtYV92ZXJzaW9uIjoiMSJ9",
          "dependencies": [
            "module.sherman_gke.module.bastion.google_compute_instance_from_template.bastion_vm",
            "module.sherman_gke.module.bastion.google_service_account.bastion_host",
            "module.sherman_gke.module.bastion.module.instance_template.google_compute_instance_template.tpl",
            "module.sherman_gke.module.enabled_google_apis.google_project_service.project_services",
            "module.sherman_gke.module.gke.module.gke.google_service_account.cluster_service_account",
            "module.sherman_gke.module.gke.module.gke.random_shuffle.available_zones",
            "module.sherman_gke.module.gke.module.gke.random_string.cluster_service_account_suffix",
            "module.sherman_gke.module.vpc.module.subnets.google_compute_subnetwork.subnetwork",
            "module.sherman_gke.module.vpc.module.vpc.google_compute_network.network"
          ]
        }
      ]
    },
    {
      "module": "module.sherman_gke.module.gke.module.gke",
      "mode": "managed",
      "type": "google_container_node_pool",
      "name": "pools",
      "each": "map",
      "provider": "module.sherman_gke.provider.google-beta",
      "instances": [
        {
          "index_key": "safer-pool",
          "schema_version": 1,
          "attributes": {
            "autoscaling": [
              {
                "max_node_count": 2,
                "min_node_count": 1
              }
            ],
            "cluster": "safer-cluster-iap-bastion",
            "id": "projects/sherman-minecraft/locations/us-central1-a/clusters/safer-cluster-iap-bastion/nodePools/safer-pool",
            "initial_node_count": 1,
            "instance_group_urls": [
              "https://www.googleapis.com/compute/v1/projects/sherman-minecraft/zones/us-central1-a/instanceGroupManagers/gke-safer-cluster-iap-bast-safer-pool-c17c7e25-grp"
            ],
            "location": "us-central1-a",
            "management": [
              {
                "auto_repair": true,
                "auto_upgrade": true
              }
            ],
            "max_pods_per_node": 110,
            "name": "safer-pool",
            "name_prefix": "",
            "node_config": [
              {
                "boot_disk_kms_key": "",
                "disk_size_gb": 100,
                "disk_type": "pd-standard",
                "guest_accelerator": [],
                "image_type": "COS",
                "kubelet_config": [],
                "labels": {
                  "cluster_name": "safer-cluster-iap-bastion",
                  "node_pool": "safer-pool"
                },
                "linux_node_config": [],
                "local_ssd_count": 0,
                "machine_type": "e2-medium",
                "metadata": {
                  "cluster_name": "safer-cluster-iap-bastion",
                  "disable-legacy-endpoints": "true",
                  "node_pool": "safer-pool"
                },
                "min_cpu_platform": "",
                "oauth_scopes": [
                  "https://www.googleapis.com/auth/cloud-platform"
                ],
                "preemptible": false,
                "sandbox_config": [],
                "service_account": "tf-gke-safer-cluster-i-z5uj@sherman-minecraft.iam.gserviceaccount.com",
                "shielded_instance_config": [
                  {
                    "enable_integrity_monitoring": true,
                    "enable_secure_boot": false
                  }
                ],
                "tags": [
                  "gke-safer-cluster-iap-bastion",
                  "gke-safer-cluster-iap-bastion-safer-pool"
                ],
                "taint": [],
                "workload_metadata_config": [
                  {
                    "node_metadata": "GKE_METADATA_SERVER"
                  }
                ]
              }
            ],
            "node_count": 1,
            "node_locations": [
              "us-central1-a"
            ],
            "project": "sherman-minecraft",
            "timeouts": {
              "create": "45m",
              "delete": "45m",
              "update": "45m"
            },
            "upgrade_settings": [
              {
                "max_surge": 1,
                "max_unavailable": 0
              }
            ],
            "version": "1.17.13-gke.2600"
          },
          "private": "eyJlMmJmYjczMC1lY2FhLTExZTYtOGY4OC0zNDM2M2JjN2M0YzAiOnsiY3JlYXRlIjoyNzAwMDAwMDAwMDAwLCJkZWxldGUiOjI3MDAwMDAwMDAwMDAsInVwZGF0ZSI6MjcwMDAwMDAwMDAwMH0sInNjaGVtYV92ZXJzaW9uIjoiMSJ9",
          "dependencies": [
            "module.sherman_gke.module.bastion.google_compute_instance_from_template.bastion_vm",
            "module.sherman_gke.module.bastion.google_service_account.bastion_host",
            "module.sherman_gke.module.bastion.module.instance_template.google_compute_instance_template.tpl",
            "module.sherman_gke.module.enabled_google_apis.google_project_service.project_services",
            "module.sherman_gke.module.gke.module.gke.google_container_cluster.primary",
            "module.sherman_gke.module.gke.module.gke.google_service_account.cluster_service_account",
            "module.sherman_gke.module.gke.module.gke.random_shuffle.available_zones",
            "module.sherman_gke.module.gke.module.gke.random_string.cluster_service_account_suffix",
            "module.sherman_gke.module.vpc.module.subnets.google_compute_subnetwork.subnetwork",
            "module.sherman_gke.module.vpc.module.vpc.google_compute_network.network"
          ]
        }
      ]
    },
    {
      "module": "module.sherman_gke.module.bastion.module.iap_tunneling",
      "mode": "managed",
      "type": "google_iap_tunnel_instance_iam_binding",
      "name": "enable_iap",
      "each": "map",
      "provider": "module.sherman_gke.provider.google",
      "instances": [
        {
          "index_key": "safer-cluster-iap-bastion-bastion us-central1-a",
          "schema_version": 0,
          "attributes": {
            "condition": [],
            "etag": null,
            "id": "projects/sherman-minecraft/iap_tunnel/zones/us-central1-a/instances/safer-cluster-iap-bastion-bastion/roles/iap.tunnelResourceAccessor",
            "instance": "projects/sherman-minecraft/iap_tunnel/zones/us-central1-a/instances/safer-cluster-iap-bastion-bastion",
            "members": null,
            "project": "sherman-minecraft",
            "role": "roles/iap.tunnelResourceAccessor",
            "zone": "us-central1-a"
          },
          "private": "bnVsbA==",
          "dependencies": [
            "module.sherman_gke.module.bastion.google_compute_instance_from_template.bastion_vm",
            "module.sherman_gke.module.bastion.google_service_account.bastion_host",
            "module.sherman_gke.module.bastion.module.instance_template.google_compute_instance_template.tpl",
            "module.sherman_gke.module.enabled_google_apis.google_project_service.project_services",
            "module.sherman_gke.module.vpc.module.subnets.google_compute_subnetwork.subnetwork",
            "module.sherman_gke.module.vpc.module.vpc.google_compute_network.network"
          ]
        }
      ]
    },
    {
      "module": "module.sherman_gke.module.bastion",
      "mode": "managed",
      "type": "google_project_iam_custom_role",
      "name": "compute_os_login_viewer",
      "each": "list",
      "provider": "module.sherman_gke.provider.google",
      "instances": [
        {
          "index_key": 0,
          "schema_version": 0,
          "attributes": {
            "deleted": false,
            "description": "From Terraform: iap-bastion module custom role for more fine grained scoping of permissions",
            "id": "projects/sherman-minecraft/roles/osLoginProjectGet_9ddb",
            "name": "projects/sherman-minecraft/roles/osLoginProjectGet_9ddb",
            "permissions": [
              "compute.projects.get"
            ],
            "project": "sherman-minecraft",
            "role_id": "osLoginProjectGet_9ddb",
            "stage": "GA",
            "title": "OS Login Project Get Role"
          },
          "private": "bnVsbA==",
          "dependencies": [
            "module.sherman_gke.module.bastion.random_id.random_role_id_suffix",
            "module.sherman_gke.module.enabled_google_apis.google_project_service.project_services"
          ]
        }
      ]
    },
    {
      "module": "module.sherman_gke.module.bastion",
      "mode": "managed",
      "type": "google_project_iam_member",
      "name": "bastion_oslogin_bindings",
      "each": "list",
      "provider": "module.sherman_gke.provider.google",
      "instances": [
        {
          "index_key": 0,
          "schema_version": 0,
          "attributes": {
            "condition": [],
            "etag": "BwW4NNKag+I=",
            "id": "sherman-minecraft/projects/sherman-minecraft/roles/osLoginProjectGet_9ddb/serviceaccount:bastion@sherman-minecraft.iam.gserviceaccount.com",
            "member": "serviceAccount:bastion@sherman-minecraft.iam.gserviceaccount.com",
            "project": "sherman-minecraft",
            "role": "projects/sherman-minecraft/roles/osLoginProjectGet_9ddb"
          },
          "private": "bnVsbA==",
          "dependencies": [
            "module.sherman_gke.module.bastion.google_project_iam_custom_role.compute_os_login_viewer",
            "module.sherman_gke.module.bastion.google_service_account.bastion_host",
            "module.sherman_gke.module.bastion.random_id.random_role_id_suffix",
            "module.sherman_gke.module.enabled_google_apis.google_project_service.project_services"
          ]
        }
      ]
    },
    {
      "module": "module.sherman_gke.module.bastion",
      "mode": "managed",
      "type": "google_project_iam_member",
      "name": "bastion_sa_bindings",
      "each": "map",
      "provider": "module.sherman_gke.provider.google",
      "instances": [
        {
          "index_key": "roles/compute.osLogin",
          "schema_version": 0,
          "attributes": {
            "condition": [],
            "etag": "BwW4NNKag+I=",
            "id": "sherman-minecraft/roles/compute.osLogin/serviceaccount:bastion@sherman-minecraft.iam.gserviceaccount.com",
            "member": "serviceAccount:bastion@sherman-minecraft.iam.gserviceaccount.com",
            "project": "sherman-minecraft",
            "role": "roles/compute.osLogin"
          },
          "private": "bnVsbA==",
          "dependencies": [
            "module.sherman_gke.module.bastion.google_service_account.bastion_host",
            "module.sherman_gke.module.enabled_google_apis.google_project_service.project_services"
          ]
        },
        {
          "index_key": "roles/logging.logWriter",
          "schema_version": 0,
          "attributes": {
            "condition": [],
            "etag": "BwW4NNKag+I=",
            "id": "sherman-minecraft/roles/logging.logWriter/serviceaccount:bastion@sherman-minecraft.iam.gserviceaccount.com",
            "member": "serviceAccount:bastion@sherman-minecraft.iam.gserviceaccount.com",
            "project": "sherman-minecraft",
            "role": "roles/logging.logWriter"
          },
          "private": "bnVsbA==",
          "dependencies": [
            "module.sherman_gke.module.bastion.google_service_account.bastion_host",
            "module.sherman_gke.module.enabled_google_apis.google_project_service.project_services"
          ]
        },
        {
          "index_key": "roles/monitoring.metricWriter",
          "schema_version": 0,
          "attributes": {
            "condition": [],
            "etag": "BwW4NNKag+I=",
            "id": "sherman-minecraft/roles/monitoring.metricWriter/serviceaccount:bastion@sherman-minecraft.iam.gserviceaccount.com",
            "member": "serviceAccount:bastion@sherman-minecraft.iam.gserviceaccount.com",
            "project": "sherman-minecraft",
            "role": "roles/monitoring.metricWriter"
          },
          "private": "bnVsbA==",
          "dependencies": [
            "module.sherman_gke.module.bastion.google_service_account.bastion_host",
            "module.sherman_gke.module.enabled_google_apis.google_project_service.project_services"
          ]
        },
        {
          "index_key": "roles/monitoring.viewer",
          "schema_version": 0,
          "attributes": {
            "condition": [],
            "etag": "BwW4NNKag+I=",
            "id": "sherman-minecraft/roles/monitoring.viewer/serviceaccount:bastion@sherman-minecraft.iam.gserviceaccount.com",
            "member": "serviceAccount:bastion@sherman-minecraft.iam.gserviceaccount.com",
            "project": "sherman-minecraft",
            "role": "roles/monitoring.viewer"
          },
          "private": "bnVsbA==",
          "dependencies": [
            "module.sherman_gke.module.bastion.google_service_account.bastion_host",
            "module.sherman_gke.module.enabled_google_apis.google_project_service.project_services"
          ]
        }
      ]
    },
    {
      "module": "module.sherman_gke.module.gke.module.gke",
      "mode": "managed",
      "type": "google_project_iam_member",
      "name": "cluster_service_account-artifact-registry",
      "each": "list",
      "provider": "module.sherman_gke.provider.google",
      "instances": [
        {
          "index_key": 0,
          "schema_version": 0,
          "attributes": {
            "condition": [],
            "etag": "BwW4NNKag+I=",
            "id": "sherman-minecraft/roles/artifactregistry.reader/serviceaccount:tf-gke-safer-cluster-i-z5uj@sherman-minecraft.iam.gserviceaccount.com",
            "member": "serviceAccount:tf-gke-safer-cluster-i-z5uj@sherman-minecraft.iam.gserviceaccount.com",
            "project": "sherman-minecraft",
            "role": "roles/artifactregistry.reader"
          },
          "private": "bnVsbA==",
          "dependencies": [
            "module.sherman_gke.module.enabled_google_apis.google_project_service.project_services",
            "module.sherman_gke.module.gke.module.gke.google_service_account.cluster_service_account",
            "module.sherman_gke.module.gke.module.gke.random_string.cluster_service_account_suffix"
          ]
        }
      ]
    },
    {
      "module": "module.sherman_gke.module.gke.module.gke",
      "mode": "managed",
      "type": "google_project_iam_member",
      "name": "cluster_service_account-gcr",
      "each": "list",
      "provider": "module.sherman_gke.provider.google",
      "instances": [
        {
          "index_key": 0,
          "schema_version": 0,
          "attributes": {
            "condition": [],
            "etag": "BwW4NNKag+I=",
            "id": "sherman-minecraft/roles/storage.objectViewer/serviceaccount:tf-gke-safer-cluster-i-z5uj@sherman-minecraft.iam.gserviceaccount.com",
            "member": "serviceAccount:tf-gke-safer-cluster-i-z5uj@sherman-minecraft.iam.gserviceaccount.com",
            "project": "sherman-minecraft",
            "role": "roles/storage.objectViewer"
          },
          "private": "bnVsbA==",
          "dependencies": [
            "module.sherman_gke.module.enabled_google_apis.google_project_service.project_services",
            "module.sherman_gke.module.gke.module.gke.google_service_account.cluster_service_account",
            "module.sherman_gke.module.gke.module.gke.random_string.cluster_service_account_suffix"
          ]
        }
      ]
    },
    {
      "module": "module.sherman_gke.module.gke.module.gke",
      "mode": "managed",
      "type": "google_project_iam_member",
      "name": "cluster_service_account-log_writer",
      "each": "list",
      "provider": "module.sherman_gke.provider.google",
      "instances": [
        {
          "index_key": 0,
          "schema_version": 0,
          "attributes": {
            "condition": [],
            "etag": "BwW4NNKag+I=",
            "id": "sherman-minecraft/roles/logging.logWriter/serviceaccount:tf-gke-safer-cluster-i-z5uj@sherman-minecraft.iam.gserviceaccount.com",
            "member": "serviceAccount:tf-gke-safer-cluster-i-z5uj@sherman-minecraft.iam.gserviceaccount.com",
            "project": "sherman-minecraft",
            "role": "roles/logging.logWriter"
          },
          "private": "bnVsbA==",
          "dependencies": [
            "module.sherman_gke.module.enabled_google_apis.google_project_service.project_services",
            "module.sherman_gke.module.gke.module.gke.google_service_account.cluster_service_account",
            "module.sherman_gke.module.gke.module.gke.random_string.cluster_service_account_suffix"
          ]
        }
      ]
    },
    {
      "module": "module.sherman_gke.module.gke.module.gke",
      "mode": "managed",
      "type": "google_project_iam_member",
      "name": "cluster_service_account-metric_writer",
      "each": "list",
      "provider": "module.sherman_gke.provider.google",
      "instances": [
        {
          "index_key": 0,
          "schema_version": 0,
          "attributes": {
            "condition": [],
            "etag": "BwW4NNM0d+g=",
            "id": "sherman-minecraft/roles/monitoring.metricWriter/serviceaccount:tf-gke-safer-cluster-i-z5uj@sherman-minecraft.iam.gserviceaccount.com",
            "member": "serviceAccount:tf-gke-safer-cluster-i-z5uj@sherman-minecraft.iam.gserviceaccount.com",
            "project": "sherman-minecraft",
            "role": "roles/monitoring.metricWriter"
          },
          "private": "bnVsbA==",
          "dependencies": [
            "module.sherman_gke.module.enabled_google_apis.google_project_service.project_services",
            "module.sherman_gke.module.gke.module.gke.google_project_iam_member.cluster_service_account-log_writer",
            "module.sherman_gke.module.gke.module.gke.google_service_account.cluster_service_account",
            "module.sherman_gke.module.gke.module.gke.random_string.cluster_service_account_suffix"
          ]
        }
      ]
    },
    {
      "module": "module.sherman_gke.module.gke.module.gke",
      "mode": "managed",
      "type": "google_project_iam_member",
      "name": "cluster_service_account-monitoring_viewer",
      "each": "list",
      "provider": "module.sherman_gke.provider.google",
      "instances": [
        {
          "index_key": 0,
          "schema_version": 0,
          "attributes": {
            "condition": [],
            "etag": "BwW4NNO01/w=",
            "id": "sherman-minecraft/roles/monitoring.viewer/serviceaccount:tf-gke-safer-cluster-i-z5uj@sherman-minecraft.iam.gserviceaccount.com",
            "member": "serviceAccount:tf-gke-safer-cluster-i-z5uj@sherman-minecraft.iam.gserviceaccount.com",
            "project": "sherman-minecraft",
            "role": "roles/monitoring.viewer"
          },
          "private": "bnVsbA==",
          "dependencies": [
            "module.sherman_gke.module.enabled_google_apis.google_project_service.project_services",
            "module.sherman_gke.module.gke.module.gke.google_project_iam_member.cluster_service_account-log_writer",
            "module.sherman_gke.module.gke.module.gke.google_project_iam_member.cluster_service_account-metric_writer",
            "module.sherman_gke.module.gke.module.gke.google_service_account.cluster_service_account",
            "module.sherman_gke.module.gke.module.gke.random_string.cluster_service_account_suffix"
          ]
        }
      ]
    },
    {
      "module": "module.sherman_gke.module.gke.module.gke",
      "mode": "managed",
      "type": "google_project_iam_member",
      "name": "cluster_service_account-resourceMetadata-writer",
      "each": "list",
      "provider": "module.sherman_gke.provider.google",
      "instances": [
        {
          "index_key": 0,
          "schema_version": 0,
          "attributes": {
            "condition": [],
            "etag": "BwW4NNQx/qw=",
            "id": "sherman-minecraft/roles/stackdriver.resourceMetadata.writer/serviceaccount:tf-gke-safer-cluster-i-z5uj@sherman-minecraft.iam.gserviceaccount.com",
            "member": "serviceAccount:tf-gke-safer-cluster-i-z5uj@sherman-minecraft.iam.gserviceaccount.com",
            "project": "sherman-minecraft",
            "role": "roles/stackdriver.resourceMetadata.writer"
          },
          "private": "bnVsbA==",
          "dependencies": [
            "module.sherman_gke.module.enabled_google_apis.google_project_service.project_services",
            "module.sherman_gke.module.gke.module.gke.google_project_iam_member.cluster_service_account-log_writer",
            "module.sherman_gke.module.gke.module.gke.google_project_iam_member.cluster_service_account-metric_writer",
            "module.sherman_gke.module.gke.module.gke.google_project_iam_member.cluster_service_account-monitoring_viewer",
            "module.sherman_gke.module.gke.module.gke.google_service_account.cluster_service_account",
            "module.sherman_gke.module.gke.module.gke.random_string.cluster_service_account_suffix"
          ]
        }
      ]
    },
    {
      "module": "module.sherman_gke.module.enabled_google_apis",
      "mode": "managed",
      "type": "google_project_iam_member",
      "name": "project_service_identity_roles",
      "each": "map",
      "provider": "module.sherman_gke.provider.google",
      "instances": []
    },
    {
      "module": "module.sherman_gke.module.enabled_google_apis",
      "mode": "managed",
      "type": "google_project_service",
      "name": "project_services",
      "each": "map",
      "provider": "module.sherman_gke.provider.google",
      "instances": [
        {
          "index_key": "binaryauthorization.googleapis.com",
          "schema_version": 0,
          "attributes": {
            "disable_dependent_services": true,
            "disable_on_destroy": false,
            "id": "sherman-minecraft/binaryauthorization.googleapis.com",
            "project": "sherman-minecraft",
            "service": "binaryauthorization.googleapis.com",
            "timeouts": null
          },
          "private": "eyJlMmJmYjczMC1lY2FhLTExZTYtOGY4OC0zNDM2M2JjN2M0YzAiOnsiY3JlYXRlIjoxMjAwMDAwMDAwMDAwLCJkZWxldGUiOjEyMDAwMDAwMDAwMDAsInJlYWQiOjYwMDAwMDAwMDAwMCwidXBkYXRlIjoxMjAwMDAwMDAwMDAwfX0="
        },
        {
          "index_key": "compute.googleapis.com",
          "schema_version": 0,
          "attributes": {
            "disable_dependent_services": true,
            "disable_on_destroy": false,
            "id": "sherman-minecraft/compute.googleapis.com",
            "project": "sherman-minecraft",
            "service": "compute.googleapis.com",
            "timeouts": null
          },
          "private": "eyJlMmJmYjczMC1lY2FhLTExZTYtOGY4OC0zNDM2M2JjN2M0YzAiOnsiY3JlYXRlIjoxMjAwMDAwMDAwMDAwLCJkZWxldGUiOjEyMDAwMDAwMDAwMDAsInJlYWQiOjYwMDAwMDAwMDAwMCwidXBkYXRlIjoxMjAwMDAwMDAwMDAwfX0="
        },
        {
          "index_key": "container.googleapis.com",
          "schema_version": 0,
          "attributes": {
            "disable_dependent_services": true,
            "disable_on_destroy": false,
            "id": "sherman-minecraft/container.googleapis.com",
            "project": "sherman-minecraft",
            "service": "container.googleapis.com",
            "timeouts": null
          },
          "private": "eyJlMmJmYjczMC1lY2FhLTExZTYtOGY4OC0zNDM2M2JjN2M0YzAiOnsiY3JlYXRlIjoxMjAwMDAwMDAwMDAwLCJkZWxldGUiOjEyMDAwMDAwMDAwMDAsInJlYWQiOjYwMDAwMDAwMDAwMCwidXBkYXRlIjoxMjAwMDAwMDAwMDAwfX0="
        },
        {
          "index_key": "containerregistry.googleapis.com",
          "schema_version": 0,
          "attributes": {
            "disable_dependent_services": true,
            "disable_on_destroy": false,
            "id": "sherman-minecraft/containerregistry.googleapis.com",
            "project": "sherman-minecraft",
            "service": "containerregistry.googleapis.com",
            "timeouts": null
          },
          "private": "eyJlMmJmYjczMC1lY2FhLTExZTYtOGY4OC0zNDM2M2JjN2M0YzAiOnsiY3JlYXRlIjoxMjAwMDAwMDAwMDAwLCJkZWxldGUiOjEyMDAwMDAwMDAwMDAsInJlYWQiOjYwMDAwMDAwMDAwMCwidXBkYXRlIjoxMjAwMDAwMDAwMDAwfX0="
        },
        {
          "index_key": "iam.googleapis.com",
          "schema_version": 0,
          "attributes": {
            "disable_dependent_services": true,
            "disable_on_destroy": false,
            "id": "sherman-minecraft/iam.googleapis.com",
            "project": "sherman-minecraft",
            "service": "iam.googleapis.com",
            "timeouts": null
          },
          "private": "eyJlMmJmYjczMC1lY2FhLTExZTYtOGY4OC0zNDM2M2JjN2M0YzAiOnsiY3JlYXRlIjoxMjAwMDAwMDAwMDAwLCJkZWxldGUiOjEyMDAwMDAwMDAwMDAsInJlYWQiOjYwMDAwMDAwMDAwMCwidXBkYXRlIjoxMjAwMDAwMDAwMDAwfX0="
        },
        {
          "index_key": "iap.googleapis.com",
          "schema_version": 0,
          "attributes": {
            "disable_dependent_services": true,
            "disable_on_destroy": false,
            "id": "sherman-minecraft/iap.googleapis.com",
            "project": "sherman-minecraft",
            "service": "iap.googleapis.com",
            "timeouts": null
          },
          "private": "eyJlMmJmYjczMC1lY2FhLTExZTYtOGY4OC0zNDM2M2JjN2M0YzAiOnsiY3JlYXRlIjoxMjAwMDAwMDAwMDAwLCJkZWxldGUiOjEyMDAwMDAwMDAwMDAsInJlYWQiOjYwMDAwMDAwMDAwMCwidXBkYXRlIjoxMjAwMDAwMDAwMDAwfX0="
        },
        {
          "index_key": "logging.googleapis.com",
          "schema_version": 0,
          "attributes": {
            "disable_dependent_services": true,
            "disable_on_destroy": false,
            "id": "sherman-minecraft/logging.googleapis.com",
            "project": "sherman-minecraft",
            "service": "logging.googleapis.com",
            "timeouts": null
          },
          "private": "eyJlMmJmYjczMC1lY2FhLTExZTYtOGY4OC0zNDM2M2JjN2M0YzAiOnsiY3JlYXRlIjoxMjAwMDAwMDAwMDAwLCJkZWxldGUiOjEyMDAwMDAwMDAwMDAsInJlYWQiOjYwMDAwMDAwMDAwMCwidXBkYXRlIjoxMjAwMDAwMDAwMDAwfX0="
        },
        {
          "index_key": "monitoring.googleapis.com",
          "schema_version": 0,
          "attributes": {
            "disable_dependent_services": true,
            "disable_on_destroy": false,
            "id": "sherman-minecraft/monitoring.googleapis.com",
            "project": "sherman-minecraft",
            "service": "monitoring.googleapis.com",
            "timeouts": null
          },
          "private": "eyJlMmJmYjczMC1lY2FhLTExZTYtOGY4OC0zNDM2M2JjN2M0YzAiOnsiY3JlYXRlIjoxMjAwMDAwMDAwMDAwLCJkZWxldGUiOjEyMDAwMDAwMDAwMDAsInJlYWQiOjYwMDAwMDAwMDAwMCwidXBkYXRlIjoxMjAwMDAwMDAwMDAwfX0="
        },
        {
          "index_key": "stackdriver.googleapis.com",
          "schema_version": 0,
          "attributes": {
            "disable_dependent_services": true,
            "disable_on_destroy": false,
            "id": "sherman-minecraft/stackdriver.googleapis.com",
            "project": "sherman-minecraft",
            "service": "stackdriver.googleapis.com",
            "timeouts": null
          },
          "private": "eyJlMmJmYjczMC1lY2FhLTExZTYtOGY4OC0zNDM2M2JjN2M0YzAiOnsiY3JlYXRlIjoxMjAwMDAwMDAwMDAwLCJkZWxldGUiOjEyMDAwMDAwMDAwMDAsInJlYWQiOjYwMDAwMDAwMDAwMCwidXBkYXRlIjoxMjAwMDAwMDAwMDAwfX0="
        }
      ]
    },
    {
      "module": "module.sherman_gke.module.enabled_google_apis",
      "mode": "managed",
      "type": "google_project_service_identity",
      "name": "project_service_identities",
      "each": "map",
      "provider": "module.sherman_gke.provider.google-beta",
      "instances": []
    },
    {
      "module": "module.sherman_gke.module.bastion",
      "mode": "managed",
      "type": "google_service_account",
      "name": "bastion_host",
      "each": "list",
      "provider": "module.sherman_gke.provider.google",
      "instances": [
        {
          "index_key": 0,
          "schema_version": 0,
          "attributes": {
            "account_id": "bastion",
            "description": "",
            "display_name": "Service Account for Bastion",
            "email": "bastion@sherman-minecraft.iam.gserviceaccount.com",
            "id": "projects/sherman-minecraft/serviceAccounts/bastion@sherman-minecraft.iam.gserviceaccount.com",
            "name": "projects/sherman-minecraft/serviceAccounts/bastion@sherman-minecraft.iam.gserviceaccount.com",
            "project": "sherman-minecraft",
            "timeouts": null,
            "unique_id": "117658907320215856198"
          },
          "private": "eyJlMmJmYjczMC1lY2FhLTExZTYtOGY4OC0zNDM2M2JjN2M0YzAiOnsiY3JlYXRlIjozMDAwMDAwMDAwMDB9fQ==",
          "dependencies": [
            "module.sherman_gke.module.enabled_google_apis.google_project_service.project_services"
          ]
        }
      ]
    },
    {
      "module": "module.sherman_gke.module.gke.module.gke",
      "mode": "managed",
      "type": "google_service_account",
      "name": "cluster_service_account",
      "each": "list",
      "provider": "module.sherman_gke.provider.google",
      "instances": [
        {
          "index_key": 0,
          "schema_version": 0,
          "attributes": {
            "account_id": "tf-gke-safer-cluster-i-z5uj",
            "description": "",
            "display_name": "Terraform-managed service account for cluster safer-cluster-iap-bastion",
            "email": "tf-gke-safer-cluster-i-z5uj@sherman-minecraft.iam.gserviceaccount.com",
            "id": "projects/sherman-minecraft/serviceAccounts/tf-gke-safer-cluster-i-z5uj@sherman-minecraft.iam.gserviceaccount.com",
            "name": "projects/sherman-minecraft/serviceAccounts/tf-gke-safer-cluster-i-z5uj@sherman-minecraft.iam.gserviceaccount.com",
            "project": "sherman-minecraft",
            "timeouts": null,
            "unique_id": "101692823014818461166"
          },
          "private": "eyJlMmJmYjczMC1lY2FhLTExZTYtOGY4OC0zNDM2M2JjN2M0YzAiOnsiY3JlYXRlIjozMDAwMDAwMDAwMDB9fQ==",
          "dependencies": [
            "module.sherman_gke.module.enabled_google_apis.google_project_service.project_services",
            "module.sherman_gke.module.gke.module.gke.random_string.cluster_service_account_suffix"
          ]
        }
      ]
    },
    {
      "module": "module.sherman_gke.module.bastion",
      "mode": "managed",
      "type": "google_service_account_iam_binding",
      "name": "bastion_sa_user",
      "each": "list",
      "provider": "module.sherman_gke.provider.google",
      "instances": [
        {
          "index_key": 0,
          "schema_version": 0,
          "attributes": {
            "condition": [],
            "etag": null,
            "id": "projects/sherman-minecraft/serviceAccounts/bastion@sherman-minecraft.iam.gserviceaccount.com/roles/iam.serviceAccountUser",
            "members": null,
            "role": "roles/iam.serviceAccountUser",
            "service_account_id": "projects/sherman-minecraft/serviceAccounts/bastion@sherman-minecraft.iam.gserviceaccount.com"
          },
          "private": "bnVsbA==",
          "dependencies": [
            "module.sherman_gke.module.bastion.google_service_account.bastion_host",
            "module.sherman_gke.module.enabled_google_apis.google_project_service.project_services"
          ]
        }
      ]
    },
    {
      "module": "module.sherman_gke.module.gke.module.gke",
      "mode": "managed",
      "type": "kubernetes_config_map",
      "name": "ip-masq-agent",
      "each": "list",
      "provider": "module.sherman_gke.module.gke.module.gke.provider.kubernetes",
      "instances": []
    },
    {
      "module": "module.sherman_gke.module.gke.module.gke",
      "mode": "managed",
      "type": "kubernetes_config_map",
      "name": "kube-dns",
      "each": "list",
      "provider": "module.sherman_gke.module.gke.module.gke.provider.kubernetes",
      "instances": []
    },
    {
      "module": "module.sherman_gke.module.gke.module.gke",
      "mode": "managed",
      "type": "kubernetes_config_map",
      "name": "kube-dns-upstream-nameservers-and-stub-domains",
      "each": "list",
      "provider": "module.sherman_gke.module.gke.module.gke.provider.kubernetes",
      "instances": []
    },
    {
      "module": "module.sherman_gke.module.gke.module.gke",
      "mode": "managed",
      "type": "kubernetes_config_map",
      "name": "kube-dns-upstream-namservers",
      "each": "list",
      "provider": "module.sherman_gke.module.gke.module.gke.provider.kubernetes",
      "instances": []
    },
    {
      "module": "module.sherman_gke.module.gke.module.gke.module.gcloud_delete_default_kube_dns_configmap.module.gcloud_kubectl",
      "mode": "managed",
      "type": "null_resource",
      "name": "additional_components",
      "each": "list",
      "provider": "provider.null",
      "instances": []
    },
    {
      "module": "module.sherman_gke.module.gke.module.gke.module.gcloud_wait_for_cluster",
      "mode": "managed",
      "type": "null_resource",
      "name": "additional_components",
      "each": "list",
      "provider": "provider.null",
      "instances": []
    },
    {
      "module": "module.sherman_gke.module.gke.module.gke.module.gcloud_delete_default_kube_dns_configmap.module.gcloud_kubectl",
      "mode": "managed",
      "type": "null_resource",
      "name": "additional_components_destroy",
      "each": "list",
      "provider": "provider.null",
      "instances": []
    },
    {
      "module": "module.sherman_gke.module.gke.module.gke.module.gcloud_wait_for_cluster",
      "mode": "managed",
      "type": "null_resource",
      "name": "additional_components_destroy",
      "each": "list",
      "provider": "provider.null",
      "instances": []
    },
    {
      "module": "module.sherman_gke.module.gke.module.gke.module.gcloud_delete_default_kube_dns_configmap.module.gcloud_kubectl",
      "mode": "managed",
      "type": "null_resource",
      "name": "decompress",
      "each": "list",
      "provider": "provider.null",
      "instances": []
    },
    {
      "module": "module.sherman_gke.module.gke.module.gke.module.gcloud_wait_for_cluster",
      "mode": "managed",
      "type": "null_resource",
      "name": "decompress",
      "each": "list",
      "provider": "provider.null",
      "instances": []
    },
    {
      "module": "module.sherman_gke.module.gke.module.gke.module.gcloud_delete_default_kube_dns_configmap.module.gcloud_kubectl",
      "mode": "managed",
      "type": "null_resource",
      "name": "decompress_destroy",
      "each": "list",
      "provider": "provider.null",
      "instances": []
    },
    {
      "module": "module.sherman_gke.module.gke.module.gke.module.gcloud_wait_for_cluster",
      "mode": "managed",
      "type": "null_resource",
      "name": "decompress_destroy",
      "each": "list",
      "provider": "provider.null",
      "instances": []
    },
    {
      "module": "module.sherman_gke.module.gke.module.gke.module.gcloud_delete_default_kube_dns_configmap.module.gcloud_kubectl",
      "mode": "managed",
      "type": "null_resource",
      "name": "download_gcloud",
      "each": "list",
      "provider": "provider.null",
      "instances": []
    },
    {
      "module": "module.sherman_gke.module.gke.module.gke.module.gcloud_wait_for_cluster",
      "mode": "managed",
      "type": "null_resource",
      "name": "download_gcloud",
      "each": "list",
      "provider": "provider.null",
      "instances": []
    },
    {
      "module": "module.sherman_gke.module.gke.module.gke.module.gcloud_delete_default_kube_dns_configmap.module.gcloud_kubectl",
      "mode": "managed",
      "type": "null_resource",
      "name": "download_jq",
      "each": "list",
      "provider": "provider.null",
      "instances": []
    },
    {
      "module": "module.sherman_gke.module.gke.module.gke.module.gcloud_wait_for_cluster",
      "mode": "managed",
      "type": "null_resource",
      "name": "download_jq",
      "each": "list",
      "provider": "provider.null",
      "instances": []
    },
    {
      "module": "module.sherman_gke.module.gke.module.gke.module.gcloud_delete_default_kube_dns_configmap.module.gcloud_kubectl",
      "mode": "managed",
      "type": "null_resource",
      "name": "gcloud_auth_google_credentials",
      "each": "list",
      "provider": "provider.null",
      "instances": []
    },
    {
      "module": "module.sherman_gke.module.gke.module.gke.module.gcloud_wait_for_cluster",
      "mode": "managed",
      "type": "null_resource",
      "name": "gcloud_auth_google_credentials",
      "each": "list",
      "provider": "provider.null",
      "instances": []
    },
    {
      "module": "module.sherman_gke.module.gke.module.gke.module.gcloud_delete_default_kube_dns_configmap.module.gcloud_kubectl",
      "mode": "managed",
      "type": "null_resource",
      "name": "gcloud_auth_google_credentials_destroy",
      "each": "list",
      "provider": "provider.null",
      "instances": []
    },
    {
      "module": "module.sherman_gke.module.gke.module.gke.module.gcloud_wait_for_cluster",
      "mode": "managed",
      "type": "null_resource",
      "name": "gcloud_auth_google_credentials_destroy",
      "each": "list",
      "provider": "provider.null",
      "instances": []
    },
    {
      "module": "module.sherman_gke.module.gke.module.gke.module.gcloud_delete_default_kube_dns_configmap.module.gcloud_kubectl",
      "mode": "managed",
      "type": "null_resource",
      "name": "gcloud_auth_service_account_key_file",
      "each": "list",
      "provider": "provider.null",
      "instances": []
    },
    {
      "module": "module.sherman_gke.module.gke.module.gke.module.gcloud_wait_for_cluster",
      "mode": "managed",
      "type": "null_resource",
      "name": "gcloud_auth_service_account_key_file",
      "each": "list",
      "provider": "provider.null",
      "instances": []
    },
    {
      "module": "module.sherman_gke.module.gke.module.gke.module.gcloud_delete_default_kube_dns_configmap.module.gcloud_kubectl",
      "mode": "managed",
      "type": "null_resource",
      "name": "gcloud_auth_service_account_key_file_destroy",
      "each": "list",
      "provider": "provider.null",
      "instances": []
    },
    {
      "module": "module.sherman_gke.module.gke.module.gke.module.gcloud_wait_for_cluster",
      "mode": "managed",
      "type": "null_resource",
      "name": "gcloud_auth_service_account_key_file_destroy",
      "each": "list",
      "provider": "provider.null",
      "instances": []
    },
    {
      "module": "module.sherman_gke.module.gke.module.gke.module.gcloud_delete_default_kube_dns_configmap.module.gcloud_kubectl",
      "mode": "managed",
      "type": "null_resource",
      "name": "module_depends_on",
      "each": "list",
      "provider": "provider.null",
      "instances": [
        {
          "index_key": 0,
          "schema_version": 0,
          "attributes": {
            "id": "4547183736080137270",
            "triggers": {
              "value": "3"
            }
          },
          "private": "bnVsbA==",
          "dependencies": [
            "module.sherman_gke.module.bastion.google_compute_instance_from_template.bastion_vm",
            "module.sherman_gke.module.bastion.google_service_account.bastion_host",
            "module.sherman_gke.module.bastion.module.instance_template.google_compute_instance_template.tpl",
            "module.sherman_gke.module.enabled_google_apis.google_project_service.project_services",
            "module.sherman_gke.module.gke.module.gke.google_container_cluster.primary",
            "module.sherman_gke.module.gke.module.gke.google_container_node_pool.pools",
            "module.sherman_gke.module.gke.module.gke.google_service_account.cluster_service_account",
            "module.sherman_gke.module.gke.module.gke.random_shuffle.available_zones",
            "module.sherman_gke.module.gke.module.gke.random_string.cluster_service_account_suffix",
            "module.sherman_gke.module.vpc.module.subnets.google_compute_subnetwork.subnetwork",
            "module.sherman_gke.module.vpc.module.vpc.google_compute_network.network"
          ]
        }
      ]
    },
    {
      "module": "module.sherman_gke.module.gke.module.gke.module.gcloud_wait_for_cluster",
      "mode": "managed",
      "type": "null_resource",
      "name": "module_depends_on",
      "each": "list",
      "provider": "provider.null",
      "instances": [
        {
          "index_key": 0,
          "schema_version": 0,
          "attributes": {
            "id": "784115291281131996",
            "triggers": {
              "value": "2"
            }
          },
          "private": "bnVsbA==",
          "dependencies": [
            "module.sherman_gke.module.bastion.google_compute_instance_from_template.bastion_vm",
            "module.sherman_gke.module.bastion.google_service_account.bastion_host",
            "module.sherman_gke.module.bastion.module.instance_template.google_compute_instance_template.tpl",
            "module.sherman_gke.module.enabled_google_apis.google_project_service.project_services",
            "module.sherman_gke.module.gke.module.gke.google_container_cluster.primary",
            "module.sherman_gke.module.gke.module.gke.google_container_node_pool.pools",
            "module.sherman_gke.module.gke.module.gke.google_service_account.cluster_service_account",
            "module.sherman_gke.module.gke.module.gke.random_shuffle.available_zones",
            "module.sherman_gke.module.gke.module.gke.random_string.cluster_service_account_suffix",
            "module.sherman_gke.module.vpc.module.subnets.google_compute_subnetwork.subnetwork",
            "module.sherman_gke.module.vpc.module.vpc.google_compute_network.network"
          ]
        }
      ]
    },
    {
      "module": "module.sherman_gke.module.gke.module.gke.module.gcloud_delete_default_kube_dns_configmap.module.gcloud_kubectl",
      "mode": "managed",
      "type": "null_resource",
      "name": "prepare_cache",
      "each": "list",
      "provider": "provider.null",
      "instances": []
    },
    {
      "module": "module.sherman_gke.module.gke.module.gke.module.gcloud_wait_for_cluster",
      "mode": "managed",
      "type": "null_resource",
      "name": "prepare_cache",
      "each": "list",
      "provider": "provider.null",
      "instances": []
    },
    {
      "module": "module.sherman_gke.module.gke.module.gke.module.gcloud_delete_default_kube_dns_configmap.module.gcloud_kubectl",
      "mode": "managed",
      "type": "null_resource",
      "name": "run_command",
      "each": "list",
      "provider": "provider.null",
      "instances": []
    },
    {
      "module": "module.sherman_gke.module.gke.module.gke.module.gcloud_wait_for_cluster",
      "mode": "managed",
      "type": "null_resource",
      "name": "run_command",
      "each": "list",
      "provider": "provider.null",
      "instances": [
        {
          "index_key": 0,
          "schema_version": 0,
          "attributes": {
            "id": "6569852364472873249",
            "triggers": {
              "arguments": "09ecc07252c52117c0ea393198f32017",
              "create_cmd_body": "sherman-minecraft safer-cluster-iap-bastion us-central1-a ",
              "create_cmd_entrypoint": "../../common_modules/sherman_gke/terraform-google-kubernetes-engine/modules/beta-private-cluster/scripts/wait-for-cluster.sh",
              "gcloud_bin_abs_path": "/google-cloud-sdk/bin",
              "md5": "28bff39648762f34709be0b8f6c37959"
            }
          },
          "private": "bnVsbA==",
          "dependencies": [
            "module.sherman_gke.module.bastion.google_compute_instance_from_template.bastion_vm",
            "module.sherman_gke.module.bastion.google_service_account.bastion_host",
            "module.sherman_gke.module.bastion.module.instance_template.google_compute_instance_template.tpl",
            "module.sherman_gke.module.enabled_google_apis.google_project_service.project_services",
            "module.sherman_gke.module.gke.module.gke.google_container_cluster.primary",
            "module.sherman_gke.module.gke.module.gke.google_container_node_pool.pools",
            "module.sherman_gke.module.gke.module.gke.google_service_account.cluster_service_account",
            "module.sherman_gke.module.gke.module.gke.module.gcloud_wait_for_cluster.null_resource.additional_components",
            "module.sherman_gke.module.gke.module.gke.module.gcloud_wait_for_cluster.null_resource.decompress",
            "module.sherman_gke.module.gke.module.gke.module.gcloud_wait_for_cluster.null_resource.gcloud_auth_google_credentials",
            "module.sherman_gke.module.gke.module.gke.module.gcloud_wait_for_cluster.null_resource.gcloud_auth_service_account_key_file",
            "module.sherman_gke.module.gke.module.gke.module.gcloud_wait_for_cluster.null_resource.module_depends_on",
            "module.sherman_gke.module.gke.module.gke.module.gcloud_wait_for_cluster.random_id.cache",
            "module.sherman_gke.module.gke.module.gke.random_shuffle.available_zones",
            "module.sherman_gke.module.gke.module.gke.random_string.cluster_service_account_suffix",
            "module.sherman_gke.module.vpc.module.subnets.google_compute_subnetwork.subnetwork",
            "module.sherman_gke.module.vpc.module.vpc.google_compute_network.network"
          ]
        }
      ]
    },
    {
      "module": "module.sherman_gke.module.gke.module.gke.module.gcloud_delete_default_kube_dns_configmap.module.gcloud_kubectl",
      "mode": "managed",
      "type": "null_resource",
      "name": "run_destroy_command",
      "each": "list",
      "provider": "provider.null",
      "instances": []
    },
    {
      "module": "module.sherman_gke.module.gke.module.gke.module.gcloud_wait_for_cluster",
      "mode": "managed",
      "type": "null_resource",
      "name": "run_destroy_command",
      "each": "list",
      "provider": "provider.null",
      "instances": [
        {
          "index_key": 0,
          "schema_version": 0,
          "attributes": {
            "id": "8386155351130780193",
            "triggers": {
              "destroy_cmd_body": "sherman-minecraft safer-cluster-iap-bastion us-central1-a ",
              "destroy_cmd_entrypoint": "../../common_modules/sherman_gke/terraform-google-kubernetes-engine/modules/beta-private-cluster/scripts/wait-for-cluster.sh",
              "gcloud_bin_abs_path": "/google-cloud-sdk/bin"
            }
          },
          "private": "bnVsbA==",
          "dependencies": [
            "module.sherman_gke.module.bastion.google_compute_instance_from_template.bastion_vm",
            "module.sherman_gke.module.bastion.google_service_account.bastion_host",
            "module.sherman_gke.module.bastion.module.instance_template.google_compute_instance_template.tpl",
            "module.sherman_gke.module.enabled_google_apis.google_project_service.project_services",
            "module.sherman_gke.module.gke.module.gke.google_container_cluster.primary",
            "module.sherman_gke.module.gke.module.gke.google_container_node_pool.pools",
            "module.sherman_gke.module.gke.module.gke.google_service_account.cluster_service_account",
            "module.sherman_gke.module.gke.module.gke.module.gcloud_wait_for_cluster.null_resource.additional_components",
            "module.sherman_gke.module.gke.module.gke.module.gcloud_wait_for_cluster.null_resource.decompress",
            "module.sherman_gke.module.gke.module.gke.module.gcloud_wait_for_cluster.null_resource.gcloud_auth_google_credentials",
            "module.sherman_gke.module.gke.module.gke.module.gcloud_wait_for_cluster.null_resource.gcloud_auth_service_account_key_file",
            "module.sherman_gke.module.gke.module.gke.module.gcloud_wait_for_cluster.null_resource.module_depends_on",
            "module.sherman_gke.module.gke.module.gke.module.gcloud_wait_for_cluster.random_id.cache",
            "module.sherman_gke.module.gke.module.gke.random_shuffle.available_zones",
            "module.sherman_gke.module.gke.module.gke.random_string.cluster_service_account_suffix",
            "module.sherman_gke.module.vpc.module.subnets.google_compute_subnetwork.subnetwork",
            "module.sherman_gke.module.vpc.module.vpc.google_compute_network.network"
          ]
        }
      ]
    },
    {
      "module": "module.sherman_gke.module.gke.module.gke.module.gcloud_delete_default_kube_dns_configmap.module.gcloud_kubectl",
      "mode": "managed",
      "type": "null_resource",
      "name": "upgrade",
      "each": "list",
      "provider": "provider.null",
      "instances": []
    },
    {
      "module": "module.sherman_gke.module.gke.module.gke.module.gcloud_wait_for_cluster",
      "mode": "managed",
      "type": "null_resource",
      "name": "upgrade",
      "each": "list",
      "provider": "provider.null",
      "instances": []
    },
    {
      "module": "module.sherman_gke.module.gke.module.gke.module.gcloud_delete_default_kube_dns_configmap.module.gcloud_kubectl",
      "mode": "managed",
      "type": "null_resource",
      "name": "upgrade_destroy",
      "each": "list",
      "provider": "provider.null",
      "instances": []
    },
    {
      "module": "module.sherman_gke.module.gke.module.gke.module.gcloud_wait_for_cluster",
      "mode": "managed",
      "type": "null_resource",
      "name": "upgrade_destroy",
      "each": "list",
      "provider": "provider.null",
      "instances": []
    },
    {
      "module": "module.sherman_gke.module.gke.module.gke.module.gcloud_delete_default_kube_dns_configmap.module.gcloud_kubectl",
      "mode": "managed",
      "type": "random_id",
      "name": "cache",
      "each": "list",
      "provider": "provider.random",
      "instances": []
    },
    {
      "module": "module.sherman_gke.module.gke.module.gke.module.gcloud_wait_for_cluster",
      "mode": "managed",
      "type": "random_id",
      "name": "cache",
      "each": "list",
      "provider": "provider.random",
      "instances": []
    },
    {
      "module": "module.sherman_gke.module.bastion",
      "mode": "managed",
      "type": "random_id",
      "name": "random_role_id_suffix",
      "provider": "provider.random",
      "instances": [
        {
          "schema_version": 0,
          "attributes": {
            "b64_std": "nds=",
            "b64_url": "nds",
            "byte_length": 2,
            "dec": "40411",
            "hex": "9ddb",
            "id": "nds",
            "keepers": null,
            "prefix": null
          },
          "private": "bnVsbA=="
        }
      ]
    },
    {
      "module": "module.sherman_gke.module.gke.module.gke",
      "mode": "managed",
      "type": "random_shuffle",
      "name": "available_zones",
      "provider": "provider.random",
      "instances": [
        {
          "schema_version": 0,
          "attributes": {
            "id": "-",
            "input": [
              "us-central1-a",
              "us-central1-b",
              "us-central1-c",
              "us-central1-f"
            ],
            "keepers": null,
            "result": [
              "us-central1-c",
              "us-central1-b",
              "us-central1-a"
            ],
            "result_count": 3,
            "seed": null
          },
          "private": "bnVsbA==",
          "dependencies": [
            "module.sherman_gke.module.enabled_google_apis.google_project_service.project_services"
          ]
        }
      ]
    },
    {
      "module": "module.sherman_gke.module.gke.module.gke",
      "mode": "managed",
      "type": "random_string",
      "name": "cluster_service_account_suffix",
      "provider": "provider.random",
      "instances": [
        {
          "schema_version": 1,
          "attributes": {
            "id": "z5uj",
            "keepers": null,
            "length": 4,
            "lower": true,
            "min_lower": 0,
            "min_numeric": 0,
            "min_special": 0,
            "min_upper": 0,
            "number": true,
            "override_special": null,
            "result": "z5uj",
            "special": false,
            "upper": false
          },
          "private": "eyJzY2hlbWFfdmVyc2lvbiI6IjEifQ=="
        }
      ]
    },
    {
      "module": "module.sherman_gke.module.cloud-nat",
      "mode": "managed",
      "type": "random_string",
      "name": "name_suffix",
      "provider": "provider.random",
      "instances": [
        {
          "schema_version": 1,
          "attributes": {
            "id": "0d8azi",
            "keepers": null,
            "length": 6,
            "lower": true,
            "min_lower": 0,
            "min_numeric": 0,
            "min_special": 0,
            "min_upper": 0,
            "number": true,
            "override_special": null,
            "result": "0d8azi",
            "special": false,
            "upper": false
          },
          "private": "eyJzY2hlbWFfdmVyc2lvbiI6IjEifQ=="
        }
      ]
    }
  ]
}
